
Microsoft Visual Studio Solution File, Format Version 12.00
# Visual Studio Version 16
VisualStudioVersion = 16.0.30907.101
MinimumVisualStudioVersion = 10.0.40219.1
Project("{FAE04EC0-301F-11D3-BF4B-00C04F79EFBC}") = "GameBang Bot", "GameBang Bot\GameBang Bot.csproj", "{8135893E-9091-4873-9F19-C9641BD19851}"
EndProject
Global
	GlobalSection(SolutionConfigurationPlatforms) = preSolution
		Debug|Any CPU = Debug|Any CPU
		Release|Any CPU = Release|Any CPU
	EndGlobalSection
	GlobalSection(ProjectConfigurationPlatforms) = postSolution
		{8135893E-9091-4873-9F19-C9641BD19851}.Debug|Any CPU.ActiveCfg = Debug|Any CPU
		{8135893E-9091-4873-9F19-C9641BD19851}.Debug|Any CPU.Build.0 = Debug|Any CPU
		{8135893E-9091-4873-9F19-C9641BD19851}.Release|Any CPU.ActiveCfg = Release|Any CPU
		{8135893E-9091-4873-9F19-C9641BD19851}.Release|Any CPU.Build.0 = Release|Any CPU
	EndGlobalSection
	GlobalSection(SolutionProperties) = preSolution
		HideSolutionNode = FALSE
	EndGlobalSection
	GlobalSection(ExtensibilityGlobals) = postSolution
		SolutionGuid = {A5E1756A-C1ED-4A6D-9D3F-1D004EB2F3A2}
	EndGlobalSection
EndGlobal
